# This file was autogenerated by Stack.
# You should not edit this file by hand.
# For more information, please see the documentation at:
#   https://docs.haskellstack.org/en/stable/lock_files

packages:
- completed:
    hackage: mtl-2.2.2@sha256:1050fb71acd9f5d67da7d992583f5bd0eb14407b9dc7acc122af1b738b706ca3,2261
    pantry-tree:
      size: 1713
      sha256: b8bdc2259e2f943a7252fb164805666fe108ac959d398e0af27b43ba2ebc241c
  original:
    hackage: mtl-2.2.2
- completed:
    hackage: yaml-config-0.4.0@sha256:575103d9fa1ef074a2b419256babaae7be5f5257f37adf3ed2601052415b2d83,1814
    pantry-tree:
      size: 347
      sha256: 504d63293d50f9949a1130abcaf1885f10df61a658cba854fb704521ba797c91
  original:
    hackage: yaml-config-0.4.0
- completed:
    cabal-file:
      size: 3489
      sha256: 81482348bec7f1548e34e15683d47b7324e98e519bbb720bb786fd0c627fe86e
    name: ghcid
    version: 0.7.1
    git: https://github.com/ndmitchell/ghcid.git
    pantry-tree:
      size: 3656
      sha256: b882e26494036aab2711c97e1aa4536bd995f1e094a9f93ac5337a2e425359bf
    commit: d6630801d3e65a62a5ff307616251785b0f5c414
  original:
    git: https://github.com/ndmitchell/ghcid.git
    commit: d6630801d3e65a62a5ff307616251785b0f5c414
- completed:
    hackage: word-wrap-0.4.1@sha256:f72233b383ef569c557bfd9812cbb8e306c415ce509082c0bd15ee51c0239ccc,1606
    pantry-tree:
      size: 423
      sha256: dcf5071895ee477e60e3c9de1e30eb711e11e9a7335db160616f80baeb20ad71
  original:
    hackage: word-wrap-0.4.1
- completed:
    hackage: acid-state-0.14.3@sha256:f719be0658ff61fa744a1ed8f49209e103b7bf01034d2911d2fb72c34d22cee9,3024
    pantry-tree:
      size: 2481
      sha256: 03bc4fbe89541c698b30384fdde65701e42d039fbae14199ed385c5568449a65
  original:
    hackage: acid-state-0.14.3
- completed:
    hackage: ixset-1.1.1@sha256:b51a990fef4f8e82b0f508765a4a19b124df6cb320e64e841f9fc51d58b7ff74,1597
    pantry-tree:
      size: 388
      sha256: 3843dc696f0c93fc6e73051a94455dc08136db684a05af3ad26424cfefdaf4ff
  original:
    hackage: ixset-1.1.1
- completed:
    hackage: syb-with-class-0.6.1.10@sha256:4b2b866a0a2e34e84fd5c817581fb0aba83f2539777a33af44668956d5ec99e1,1528
    pantry-tree:
      size: 477
      sha256: deb169bfdaa6a5be49ba84f1c3ed6f794d128618e70a280dcc3b16e196964930
  original:
    hackage: syb-with-class-0.6.1.10
snapshots:
- completed:
    size: 537868
    url: https://raw.githubusercontent.com/commercialhaskell/stackage-snapshots/master/lts/9/21.yaml
    sha256: 0a3be91c2bce851de4755003cfb1d85d62b6f90276231fcc305729c0c5c864a9
  original: lts-9.21
